
Microsoft Visual Studio Solution File, Format Version 12.00
# Visual Studio Version 17
VisualStudioVersion = 17.8.34330.188
MinimumVisualStudioVersion = 10.0.40219.1
Project("{9A19103F-16F7-4668-BE54-9A1E7A4F7556}") = "API_Application", "API_Application\API_Application.csproj", "{6CB3341C-1159-4A9F-BFAE-12C8D84DC051}"
EndProject
Project("{9A19103F-16F7-4668-BE54-9A1E7A4F7556}") = "Lib_Models", "Lib_Models\Lib_Models.csproj", "{2A916967-CF63-413D-A1BC-FCB2813D20B0}"
EndProject
Project("{9A19103F-16F7-4668-BE54-9A1E7A4F7556}") = "Lib_DataEntity", "Lib_DataEntity\Lib_DataEntity.csproj", "{466A3491-4553-4905-961B-77A62B7E98FF}"
EndProject
Project("{9A19103F-16F7-4668-BE54-9A1E7A4F7556}") = "Lib_Config", "Lib_Config\Lib_Config.csproj", "{EC75243C-CECD-4246-961D-83E00FB77607}"
EndProject
Project("{9A19103F-16F7-4668-BE54-9A1E7A4F7556}") = "Lib_Middlewares", "Lib_Middlewares\Lib_Middlewares.csproj", "{3BFF2CE7-50CF-46B1-91AF-776AC03611E9}"
EndProject
Project("{9A19103F-16F7-4668-BE54-9A1E7A4F7556}") = "Lib_Services", "Lib_Services\Lib_Services.csproj", "{D860638E-81B3-4629-9568-0F6F7F42377F}"
EndProject
Project("{9A19103F-16F7-4668-BE54-9A1E7A4F7556}") = "Lib_Helpers", "Lib_Helpers\Lib_Helpers.csproj", "{96240FAF-0581-4F6F-BD62-01F28FBCC65C}"
EndProject
Project("{9A19103F-16F7-4668-BE54-9A1E7A4F7556}") = "Lib_Repository", "Lib_Repository\Lib_Repository.csproj", "{2C7A6781-2566-4E13-8C23-2E8E1E104527}"
EndProject
Project("{9A19103F-16F7-4668-BE54-9A1E7A4F7556}") = "Stored_Procedures", "Stored_Procedures\Stored_Procedures.csproj", "{E098ACFC-7E10-4260-807C-AD7C1B79B528}"
EndProject
Project("{FAE04EC0-301F-11D3-BF4B-00C04F79EFBC}") = "Lib_Settings", "Lib_Settings\Lib_Settings.csproj", "{DA0E6477-1371-4942-84DF-974A044D25EF}"
EndProject
Global
	GlobalSection(SolutionConfigurationPlatforms) = preSolution
		Debug|Any CPU = Debug|Any CPU
		Release|Any CPU = Release|Any CPU
	EndGlobalSection
	GlobalSection(ProjectConfigurationPlatforms) = postSolution
		{6CB3341C-1159-4A9F-BFAE-12C8D84DC051}.Debug|Any CPU.ActiveCfg = Debug|Any CPU
		{6CB3341C-1159-4A9F-BFAE-12C8D84DC051}.Debug|Any CPU.Build.0 = Debug|Any CPU
		{6CB3341C-1159-4A9F-BFAE-12C8D84DC051}.Release|Any CPU.ActiveCfg = Release|Any CPU
		{6CB3341C-1159-4A9F-BFAE-12C8D84DC051}.Release|Any CPU.Build.0 = Release|Any CPU
		{2A916967-CF63-413D-A1BC-FCB2813D20B0}.Debug|Any CPU.ActiveCfg = Debug|Any CPU
		{2A916967-CF63-413D-A1BC-FCB2813D20B0}.Debug|Any CPU.Build.0 = Debug|Any CPU
		{2A916967-CF63-413D-A1BC-FCB2813D20B0}.Release|Any CPU.ActiveCfg = Release|Any CPU
		{2A916967-CF63-413D-A1BC-FCB2813D20B0}.Release|Any CPU.Build.0 = Release|Any CPU
		{466A3491-4553-4905-961B-77A62B7E98FF}.Debug|Any CPU.ActiveCfg = Debug|Any CPU
		{466A3491-4553-4905-961B-77A62B7E98FF}.Debug|Any CPU.Build.0 = Debug|Any CPU
		{466A3491-4553-4905-961B-77A62B7E98FF}.Release|Any CPU.ActiveCfg = Release|Any CPU
		{466A3491-4553-4905-961B-77A62B7E98FF}.Release|Any CPU.Build.0 = Release|Any CPU
		{EC75243C-CECD-4246-961D-83E00FB77607}.Debug|Any CPU.ActiveCfg = Debug|Any CPU
		{EC75243C-CECD-4246-961D-83E00FB77607}.Debug|Any CPU.Build.0 = Debug|Any CPU
		{EC75243C-CECD-4246-961D-83E00FB77607}.Release|Any CPU.ActiveCfg = Release|Any CPU
		{EC75243C-CECD-4246-961D-83E00FB77607}.Release|Any CPU.Build.0 = Release|Any CPU
		{3BFF2CE7-50CF-46B1-91AF-776AC03611E9}.Debug|Any CPU.ActiveCfg = Debug|Any CPU
		{3BFF2CE7-50CF-46B1-91AF-776AC03611E9}.Debug|Any CPU.Build.0 = Debug|Any CPU
		{3BFF2CE7-50CF-46B1-91AF-776AC03611E9}.Release|Any CPU.ActiveCfg = Release|Any CPU
		{3BFF2CE7-50CF-46B1-91AF-776AC03611E9}.Release|Any CPU.Build.0 = Release|Any CPU
		{D860638E-81B3-4629-9568-0F6F7F42377F}.Debug|Any CPU.ActiveCfg = Debug|Any CPU
		{D860638E-81B3-4629-9568-0F6F7F42377F}.Debug|Any CPU.Build.0 = Debug|Any CPU
		{D860638E-81B3-4629-9568-0F6F7F42377F}.Release|Any CPU.ActiveCfg = Release|Any CPU
		{D860638E-81B3-4629-9568-0F6F7F42377F}.Release|Any CPU.Build.0 = Release|Any CPU
		{96240FAF-0581-4F6F-BD62-01F28FBCC65C}.Debug|Any CPU.ActiveCfg = Debug|Any CPU
		{96240FAF-0581-4F6F-BD62-01F28FBCC65C}.Debug|Any CPU.Build.0 = Debug|Any CPU
		{96240FAF-0581-4F6F-BD62-01F28FBCC65C}.Release|Any CPU.ActiveCfg = Release|Any CPU
		{96240FAF-0581-4F6F-BD62-01F28FBCC65C}.Release|Any CPU.Build.0 = Release|Any CPU
		{2C7A6781-2566-4E13-8C23-2E8E1E104527}.Debug|Any CPU.ActiveCfg = Debug|Any CPU
		{2C7A6781-2566-4E13-8C23-2E8E1E104527}.Debug|Any CPU.Build.0 = Debug|Any CPU
		{2C7A6781-2566-4E13-8C23-2E8E1E104527}.Release|Any CPU.ActiveCfg = Release|Any CPU
		{2C7A6781-2566-4E13-8C23-2E8E1E104527}.Release|Any CPU.Build.0 = Release|Any CPU
		{E098ACFC-7E10-4260-807C-AD7C1B79B528}.Debug|Any CPU.ActiveCfg = Debug|Any CPU
		{E098ACFC-7E10-4260-807C-AD7C1B79B528}.Debug|Any CPU.Build.0 = Debug|Any CPU
		{E098ACFC-7E10-4260-807C-AD7C1B79B528}.Release|Any CPU.ActiveCfg = Release|Any CPU
		{E098ACFC-7E10-4260-807C-AD7C1B79B528}.Release|Any CPU.Build.0 = Release|Any CPU
		{DA0E6477-1371-4942-84DF-974A044D25EF}.Debug|Any CPU.ActiveCfg = Debug|Any CPU
		{DA0E6477-1371-4942-84DF-974A044D25EF}.Debug|Any CPU.Build.0 = Debug|Any CPU
		{DA0E6477-1371-4942-84DF-974A044D25EF}.Release|Any CPU.ActiveCfg = Release|Any CPU
		{DA0E6477-1371-4942-84DF-974A044D25EF}.Release|Any CPU.Build.0 = Release|Any CPU
	EndGlobalSection
	GlobalSection(SolutionProperties) = preSolution
		HideSolutionNode = FALSE
	EndGlobalSection
	GlobalSection(ExtensibilityGlobals) = postSolution
		SolutionGuid = {B06DCD7D-2B61-47FB-9040-FCEE13CD76EC}
	EndGlobalSection
EndGlobal
